
Microsoft Visual Studio Solution File, Format Version 12.00
# Visual Studio 15
VisualStudioVersion = 15.0.28307.960
MinimumVisualStudioVersion = 10.0.40219.1
Project("{FAE04EC0-301F-11D3-BF4B-00C04F79EFBC}") = "Shoes__App", "Shoes__App\Shoes__App.csproj", "{558B1C02-F7D8-448E-BA85-C3D4202233FC}"
EndProject
Project("{FAE04EC0-301F-11D3-BF4B-00C04F79EFBC}") = "DataLayer", "DataLayer\DataLayer.csproj", "{5465BBC0-62C4-43A1-9624-F78CF5F873BC}"
EndProject
Project("{FAE04EC0-301F-11D3-BF4B-00C04F79EFBC}") = "BusinessLayer", "BusinessLayer\BusinessLayer.csproj", "{9E3CFF77-5624-4B7F-AB30-E0409C0D7CD0}"
EndProject
Global
	GlobalSection(SolutionConfigurationPlatforms) = preSolution
		Debug|Any CPU = Debug|Any CPU
		Release|Any CPU = Release|Any CPU
	EndGlobalSection
	GlobalSection(ProjectConfigurationPlatforms) = postSolution
		{558B1C02-F7D8-448E-BA85-C3D4202233FC}.Debug|Any CPU.ActiveCfg = Debug|Any CPU
		{558B1C02-F7D8-448E-BA85-C3D4202233FC}.Debug|Any CPU.Build.0 = Debug|Any CPU
		{558B1C02-F7D8-448E-BA85-C3D4202233FC}.Release|Any CPU.ActiveCfg = Release|Any CPU
		{558B1C02-F7D8-448E-BA85-C3D4202233FC}.Release|Any CPU.Build.0 = Release|Any CPU
		{5465BBC0-62C4-43A1-9624-F78CF5F873BC}.Debug|Any CPU.ActiveCfg = Debug|Any CPU
		{5465BBC0-62C4-43A1-9624-F78CF5F873BC}.Debug|Any CPU.Build.0 = Debug|Any CPU
		{5465BBC0-62C4-43A1-9624-F78CF5F873BC}.Release|Any CPU.ActiveCfg = Release|Any CPU
		{5465BBC0-62C4-43A1-9624-F78CF5F873BC}.Release|Any CPU.Build.0 = Release|Any CPU
		{9E3CFF77-5624-4B7F-AB30-E0409C0D7CD0}.Debug|Any CPU.ActiveCfg = Debug|Any CPU
		{9E3CFF77-5624-4B7F-AB30-E0409C0D7CD0}.Debug|Any CPU.Build.0 = Debug|Any CPU
		{9E3CFF77-5624-4B7F-AB30-E0409C0D7CD0}.Release|Any CPU.ActiveCfg = Release|Any CPU
		{9E3CFF77-5624-4B7F-AB30-E0409C0D7CD0}.Release|Any CPU.Build.0 = Release|Any CPU
	EndGlobalSection
	GlobalSection(SolutionProperties) = preSolution
		HideSolutionNode = FALSE
	EndGlobalSection
	GlobalSection(ExtensibilityGlobals) = postSolution
		SolutionGuid = {160C4F5D-C527-4FEA-986A-5A5D9DCBB75E}
	EndGlobalSection
EndGlobal
